// !$*UTF8*$!
{
	archiveVersion = 1;
	classes = {
	};
	objectVersion = 56;
	objects = {

/* Begin PBXBuildFile section */
		C75ECE522A9F7950009B4AA3 /* RetryView.swift in Sources */ = {isa = PBXBuildFile; fileRef = C75ECE512A9F7950009B4AA3 /* RetryView.swift */; };
		C77125752A9EF8D100D40866 /* DetailViewModelType.swift in Sources */ = {isa = PBXBuildFile; fileRef = C77125742A9EF8D100D40866 /* DetailViewModelType.swift */; };
		C77125772A9EF8E300D40866 /* DetailControllerViewModelType.swift in Sources */ = {isa = PBXBuildFile; fileRef = C77125762A9EF8E300D40866 /* DetailControllerViewModelType.swift */; };
		C77125792A9F069700D40866 /* LoadingImage.swift in Sources */ = {isa = PBXBuildFile; fileRef = C77125782A9F069600D40866 /* LoadingImage.swift */; };
		C7792F972A9CC6F4006B73B0 /* Detail.swift in Sources */ = {isa = PBXBuildFile; fileRef = C7792F962A9CC6F4006B73B0 /* Detail.swift */; };
		C7792F9A2A9CC924006B73B0 /* GetDetailResponse.swift in Sources */ = {isa = PBXBuildFile; fileRef = C7792F992A9CC924006B73B0 /* GetDetailResponse.swift */; };
		C7792F9C2A9CC9CD006B73B0 /* DetailViewModel.swift in Sources */ = {isa = PBXBuildFile; fileRef = C7792F9B2A9CC9CD006B73B0 /* DetailViewModel.swift */; };
		C7792F9E2A9CCCFC006B73B0 /* DetailNetworkService.swift in Sources */ = {isa = PBXBuildFile; fileRef = C7792F9D2A9CCCFC006B73B0 /* DetailNetworkService.swift */; };
		C791D2692A99C2B40084295C /* NetworkError.swift in Sources */ = {isa = PBXBuildFile; fileRef = C791D2682A99C2B40084295C /* NetworkError.swift */; };
		C791D26B2A99C2DA0084295C /* NetworkService.swift in Sources */ = {isa = PBXBuildFile; fileRef = C791D26A2A99C2DA0084295C /* NetworkService.swift */; };
		C791D26D2A99C34C0084295C /* ProductNetworkService.swift in Sources */ = {isa = PBXBuildFile; fileRef = C791D26C2A99C34C0084295C /* ProductNetworkService.swift */; };
		C791D26F2A99C3910084295C /* GetProductResponse.swift in Sources */ = {isa = PBXBuildFile; fileRef = C791D26E2A99C3910084295C /* GetProductResponse.swift */; };
		C791D2712A99C3E00084295C /* Product.swift in Sources */ = {isa = PBXBuildFile; fileRef = C791D2702A99C3E00084295C /* Product.swift */; };
		C791D2732A99C78B0084295C /* ProductViewModel.swift in Sources */ = {isa = PBXBuildFile; fileRef = C791D2722A99C78B0084295C /* ProductViewModel.swift */; };
		C791D2752A9A148A0084295C /* CacheImage.swift in Sources */ = {isa = PBXBuildFile; fileRef = C791D2742A9A148A0084295C /* CacheImage.swift */; };
		C7A6412C2A9FCA9600074CBE /* LoadingView.swift in Sources */ = {isa = PBXBuildFile; fileRef = C7A6412B2A9FCA9600074CBE /* LoadingView.swift */; };
		C7AD9CCC2A9E375B00F8E10C /* DetailControllerViewModel.swift in Sources */ = {isa = PBXBuildFile; fileRef = C7AD9CCB2A9E375B00F8E10C /* DetailControllerViewModel.swift */; };
		C7B906522A98710700C8DDBB /* AppDelegate.swift in Sources */ = {isa = PBXBuildFile; fileRef = C7B906512A98710700C8DDBB /* AppDelegate.swift */; };
		C7B906542A98710700C8DDBB /* SceneDelegate.swift in Sources */ = {isa = PBXBuildFile; fileRef = C7B906532A98710700C8DDBB /* SceneDelegate.swift */; };
		C7B906592A98710700C8DDBB /* Main.storyboard in Resources */ = {isa = PBXBuildFile; fileRef = C7B906572A98710700C8DDBB /* Main.storyboard */; };
		C7B9065B2A98710800C8DDBB /* Assets.xcassets in Resources */ = {isa = PBXBuildFile; fileRef = C7B9065A2A98710800C8DDBB /* Assets.xcassets */; };
		C7B9065E2A98710800C8DDBB /* LaunchScreen.storyboard in Resources */ = {isa = PBXBuildFile; fileRef = C7B9065C2A98710800C8DDBB /* LaunchScreen.storyboard */; };
		C7B906672A987FFB00C8DDBB /* ProductListController.swift in Sources */ = {isa = PBXBuildFile; fileRef = C7B906662A987FFB00C8DDBB /* ProductListController.swift */; };
		C7B9066A2A98805C00C8DDBB /* ProductCell.swift in Sources */ = {isa = PBXBuildFile; fileRef = C7B906692A98805C00C8DDBB /* ProductCell.swift */; };
		C7B9912F2A9C6B0F00308552 /* ProductCellViewModel.swift in Sources */ = {isa = PBXBuildFile; fileRef = C7B9912E2A9C6B0F00308552 /* ProductCellViewModel.swift */; };
		C7B991312A9C83C900308552 /* ProductViewModelType.swift in Sources */ = {isa = PBXBuildFile; fileRef = C7B991302A9C83C900308552 /* ProductViewModelType.swift */; };
		C7B991332A9C844B00308552 /* ProductCellViewModelType.swift in Sources */ = {isa = PBXBuildFile; fileRef = C7B991322A9C844B00308552 /* ProductCellViewModelType.swift */; };
		C7B991362A9CA45100308552 /* DetailController.swift in Sources */ = {isa = PBXBuildFile; fileRef = C7B991352A9CA45100308552 /* DetailController.swift */; };
/* End PBXBuildFile section */

/* Begin PBXFileReference section */
		C75ECE512A9F7950009B4AA3 /* RetryView.swift */ = {isa = PBXFileReference; lastKnownFileType = sourcecode.swift; path = RetryView.swift; sourceTree = "<group>"; };
		C77125742A9EF8D100D40866 /* DetailViewModelType.swift */ = {isa = PBXFileReference; lastKnownFileType = sourcecode.swift; path = DetailViewModelType.swift; sourceTree = "<group>"; };
		C77125762A9EF8E300D40866 /* DetailControllerViewModelType.swift */ = {isa = PBXFileReference; lastKnownFileType = sourcecode.swift; path = DetailControllerViewModelType.swift; sourceTree = "<group>"; };
		C77125782A9F069600D40866 /* LoadingImage.swift */ = {isa = PBXFileReference; lastKnownFileType = sourcecode.swift; path = LoadingImage.swift; sourceTree = "<group>"; };
		C7792F962A9CC6F4006B73B0 /* Detail.swift */ = {isa = PBXFileReference; lastKnownFileType = sourcecode.swift; path = Detail.swift; sourceTree = "<group>"; };
		C7792F992A9CC924006B73B0 /* GetDetailResponse.swift */ = {isa = PBXFileReference; lastKnownFileType = sourcecode.swift; path = GetDetailResponse.swift; sourceTree = "<group>"; };
		C7792F9B2A9CC9CD006B73B0 /* DetailViewModel.swift */ = {isa = PBXFileReference; lastKnownFileType = sourcecode.swift; path = DetailViewModel.swift; sourceTree = "<group>"; };
		C7792F9D2A9CCCFC006B73B0 /* DetailNetworkService.swift */ = {isa = PBXFileReference; lastKnownFileType = sourcecode.swift; path = DetailNetworkService.swift; sourceTree = "<group>"; };
		C791D2682A99C2B40084295C /* NetworkError.swift */ = {isa = PBXFileReference; lastKnownFileType = sourcecode.swift; path = NetworkError.swift; sourceTree = "<group>"; };
		C791D26A2A99C2DA0084295C /* NetworkService.swift */ = {isa = PBXFileReference; lastKnownFileType = sourcecode.swift; path = NetworkService.swift; sourceTree = "<group>"; };
		C791D26C2A99C34C0084295C /* ProductNetworkService.swift */ = {isa = PBXFileReference; lastKnownFileType = sourcecode.swift; path = ProductNetworkService.swift; sourceTree = "<group>"; };
		C791D26E2A99C3910084295C /* GetProductResponse.swift */ = {isa = PBXFileReference; lastKnownFileType = sourcecode.swift; path = GetProductResponse.swift; sourceTree = "<group>"; };
		C791D2702A99C3E00084295C /* Product.swift */ = {isa = PBXFileReference; lastKnownFileType = sourcecode.swift; path = Product.swift; sourceTree = "<group>"; };
		C791D2722A99C78B0084295C /* ProductViewModel.swift */ = {isa = PBXFileReference; lastKnownFileType = sourcecode.swift; path = ProductViewModel.swift; sourceTree = "<group>"; };
		C791D2742A9A148A0084295C /* CacheImage.swift */ = {isa = PBXFileReference; lastKnownFileType = sourcecode.swift; path = CacheImage.swift; sourceTree = "<group>"; };
		C7A6412B2A9FCA9600074CBE /* LoadingView.swift */ = {isa = PBXFileReference; lastKnownFileType = sourcecode.swift; path = LoadingView.swift; sourceTree = "<group>"; };
		C7AD9CCB2A9E375B00F8E10C /* DetailControllerViewModel.swift */ = {isa = PBXFileReference; lastKnownFileType = sourcecode.swift; path = DetailControllerViewModel.swift; sourceTree = "<group>"; };
		C7B9064E2A98710700C8DDBB /* avito-test-task.app */ = {isa = PBXFileReference; explicitFileType = wrapper.application; includeInIndex = 0; path = "avito-test-task.app"; sourceTree = BUILT_PRODUCTS_DIR; };
		C7B906512A98710700C8DDBB /* AppDelegate.swift */ = {isa = PBXFileReference; lastKnownFileType = sourcecode.swift; path = AppDelegate.swift; sourceTree = "<group>"; };
		C7B906532A98710700C8DDBB /* SceneDelegate.swift */ = {isa = PBXFileReference; lastKnownFileType = sourcecode.swift; path = SceneDelegate.swift; sourceTree = "<group>"; };
		C7B906582A98710700C8DDBB /* Base */ = {isa = PBXFileReference; lastKnownFileType = file.storyboard; name = Base; path = Base.lproj/Main.storyboard; sourceTree = "<group>"; };
		C7B9065A2A98710800C8DDBB /* Assets.xcassets */ = {isa = PBXFileReference; lastKnownFileType = folder.assetcatalog; path = Assets.xcassets; sourceTree = "<group>"; };
		C7B9065D2A98710800C8DDBB /* Base */ = {isa = PBXFileReference; lastKnownFileType = file.storyboard; name = Base; path = Base.lproj/LaunchScreen.storyboard; sourceTree = "<group>"; };
		C7B9065F2A98710800C8DDBB /* Info.plist */ = {isa = PBXFileReference; lastKnownFileType = text.plist.xml; path = Info.plist; sourceTree = "<group>"; };
		C7B906662A987FFB00C8DDBB /* ProductListController.swift */ = {isa = PBXFileReference; lastKnownFileType = sourcecode.swift; path = ProductListController.swift; sourceTree = "<group>"; };
		C7B906692A98805C00C8DDBB /* ProductCell.swift */ = {isa = PBXFileReference; lastKnownFileType = sourcecode.swift; path = ProductCell.swift; sourceTree = "<group>"; };
		C7B9912E2A9C6B0F00308552 /* ProductCellViewModel.swift */ = {isa = PBXFileReference; lastKnownFileType = sourcecode.swift; path = ProductCellViewModel.swift; sourceTree = "<group>"; };
		C7B991302A9C83C900308552 /* ProductViewModelType.swift */ = {isa = PBXFileReference; lastKnownFileType = sourcecode.swift; path = ProductViewModelType.swift; sourceTree = "<group>"; };
		C7B991322A9C844B00308552 /* ProductCellViewModelType.swift */ = {isa = PBXFileReference; lastKnownFileType = sourcecode.swift; path = ProductCellViewModelType.swift; sourceTree = "<group>"; };
		C7B991352A9CA45100308552 /* DetailController.swift */ = {isa = PBXFileReference; lastKnownFileType = sourcecode.swift; name = DetailController.swift; path = "avito-test-task/DetailScreen/View/DetailController.swift"; sourceTree = SOURCE_ROOT; };
/* End PBXFileReference section */

/* Begin PBXFrameworksBuildPhase section */
		C7B9064B2A98710700C8DDBB /* Frameworks */ = {
			isa = PBXFrameworksBuildPhase;
			buildActionMask = 2147483647;
			files = (
			);
			runOnlyForDeploymentPostprocessing = 0;
		};
/* End PBXFrameworksBuildPhase section */

/* Begin PBXGroup section */
		C75ECE4A2A9F488E009B4AA3 /* State */ = {
			isa = PBXGroup;
			children = (
				C75ECE512A9F7950009B4AA3 /* RetryView.swift */,
				C7A6412B2A9FCA9600074CBE /* LoadingView.swift */,
			);
			path = State;
			sourceTree = "<group>";
		};
		C7792F902A9CC66A006B73B0 /* DetailScreen */ = {
			isa = PBXGroup;
			children = (
				C7792F952A9CC6CE006B73B0 /* Protocols */,
				C7792F942A9CC6BF006B73B0 /* DetailViewModel */,
				C7792F932A9CC6A3006B73B0 /* DetailNetwork */,
				C7792F922A9CC69C006B73B0 /* Model */,
				C7792F912A9CC68E006B73B0 /* View */,
			);
			path = DetailScreen;
			sourceTree = "<group>";
		};
		C7792F912A9CC68E006B73B0 /* View */ = {
			isa = PBXGroup;
			children = (
				C7B991352A9CA45100308552 /* DetailController.swift */,
			);
			path = View;
			sourceTree = "<group>";
		};
		C7792F922A9CC69C006B73B0 /* Model */ = {
			isa = PBXGroup;
			children = (
				C7792F982A9CC905006B73B0 /* Responses */,
				C7792F962A9CC6F4006B73B0 /* Detail.swift */,
			);
			path = Model;
			sourceTree = "<group>";
		};
		C7792F932A9CC6A3006B73B0 /* DetailNetwork */ = {
			isa = PBXGroup;
			children = (
				C7792F9D2A9CCCFC006B73B0 /* DetailNetworkService.swift */,
			);
			path = DetailNetwork;
			sourceTree = "<group>";
		};
		C7792F942A9CC6BF006B73B0 /* DetailViewModel */ = {
			isa = PBXGroup;
			children = (
				C7792F9B2A9CC9CD006B73B0 /* DetailViewModel.swift */,
				C7AD9CCB2A9E375B00F8E10C /* DetailControllerViewModel.swift */,
			);
			path = DetailViewModel;
			sourceTree = "<group>";
		};
		C7792F952A9CC6CE006B73B0 /* Protocols */ = {
			isa = PBXGroup;
			children = (
				C77125742A9EF8D100D40866 /* DetailViewModelType.swift */,
				C77125762A9EF8E300D40866 /* DetailControllerViewModelType.swift */,
			);
			path = Protocols;
			sourceTree = "<group>";
		};
		C7792F982A9CC905006B73B0 /* Responses */ = {
			isa = PBXGroup;
			children = (
				C7792F992A9CC924006B73B0 /* GetDetailResponse.swift */,
			);
			path = Responses;
			sourceTree = "<group>";
		};
		C791D2642A99C2510084295C /* Controller */ = {
			isa = PBXGroup;
			children = (
				C7B906512A98710700C8DDBB /* AppDelegate.swift */,
				C7B906532A98710700C8DDBB /* SceneDelegate.swift */,
			);
			path = Controller;
			sourceTree = "<group>";
		};
		C791D2652A99C25F0084295C /* Model */ = {
			isa = PBXGroup;
			children = (
				C791D2682A99C2B40084295C /* NetworkError.swift */,
			);
			path = Model;
			sourceTree = "<group>";
		};
		C791D2662A99C2660084295C /* NetworkService */ = {
			isa = PBXGroup;
			children = (
				C791D26A2A99C2DA0084295C /* NetworkService.swift */,
				C77125782A9F069600D40866 /* LoadingImage.swift */,
				C791D2742A9A148A0084295C /* CacheImage.swift */,
			);
			path = NetworkService;
			sourceTree = "<group>";
		};
		C791D2672A99C27F0084295C /* View */ = {
			isa = PBXGroup;
			children = (
				C75ECE4A2A9F488E009B4AA3 /* State */,
				C7B906572A98710700C8DDBB /* Main.storyboard */,
			);
			path = View;
			sourceTree = "<group>";
		};
		C791D2762A9A19FA0084295C /* Model */ = {
			isa = PBXGroup;
			children = (
				C791D2792A9A1A400084295C /* Responses */,
				C791D2702A99C3E00084295C /* Product.swift */,
			);
			path = Model;
			sourceTree = "<group>";
		};
		C791D2772A9A1A000084295C /* View */ = {
			isa = PBXGroup;
			children = (
				C7B906692A98805C00C8DDBB /* ProductCell.swift */,
				C7B906662A987FFB00C8DDBB /* ProductListController.swift */,
			);
			path = View;
			sourceTree = "<group>";
		};
		C791D2782A9A1A060084295C /* ProductViewModel */ = {
			isa = PBXGroup;
			children = (
				C791D2722A99C78B0084295C /* ProductViewModel.swift */,
				C7B9912E2A9C6B0F00308552 /* ProductCellViewModel.swift */,
			);
			path = ProductViewModel;
			sourceTree = "<group>";
		};
		C791D2792A9A1A400084295C /* Responses */ = {
			isa = PBXGroup;
			children = (
				C791D26E2A99C3910084295C /* GetProductResponse.swift */,
			);
			path = Responses;
			sourceTree = "<group>";
		};
		C791D27A2A9A1A660084295C /* ProductNetwork */ = {
			isa = PBXGroup;
			children = (
				C791D26C2A99C34C0084295C /* ProductNetworkService.swift */,
			);
			path = ProductNetwork;
			sourceTree = "<group>";
		};
		C7B906452A98710700C8DDBB = {
			isa = PBXGroup;
			children = (
				C7B906502A98710700C8DDBB /* avito-test-task */,
				C7B9064F2A98710700C8DDBB /* Products */,
			);
			sourceTree = "<group>";
		};
		C7B9064F2A98710700C8DDBB /* Products */ = {
			isa = PBXGroup;
			children = (
				C7B9064E2A98710700C8DDBB /* avito-test-task.app */,
			);
			name = Products;
			sourceTree = "<group>";
		};
		C7B906502A98710700C8DDBB /* avito-test-task */ = {
			isa = PBXGroup;
			children = (
				C7B906652A9871E800C8DDBB /* Application */,
				C7792F902A9CC66A006B73B0 /* DetailScreen */,
				C7B906682A98802700C8DDBB /* ProductListScreen */,
				C7B9065A2A98710800C8DDBB /* Assets.xcassets */,
				C7B9065C2A98710800C8DDBB /* LaunchScreen.storyboard */,
				C7B9065F2A98710800C8DDBB /* Info.plist */,
			);
			path = "avito-test-task";
			sourceTree = "<group>";
		};
		C7B906652A9871E800C8DDBB /* Application */ = {
			isa = PBXGroup;
			children = (
				C791D2672A99C27F0084295C /* View */,
				C791D2652A99C25F0084295C /* Model */,
				C791D2662A99C2660084295C /* NetworkService */,
				C791D2642A99C2510084295C /* Controller */,
			);
			path = Application;
			sourceTree = "<group>";
		};
		C7B906682A98802700C8DDBB /* ProductListScreen */ = {
			isa = PBXGroup;
			children = (
				C7B991342A9C847200308552 /* Protocols */,
				C791D2762A9A19FA0084295C /* Model */,
				C791D2782A9A1A060084295C /* ProductViewModel */,
				C791D2772A9A1A000084295C /* View */,
				C791D27A2A9A1A660084295C /* ProductNetwork */,
			);
			path = ProductListScreen;
			sourceTree = "<group>";
		};
		C7B991342A9C847200308552 /* Protocols */ = {
			isa = PBXGroup;
			children = (
				C7B991302A9C83C900308552 /* ProductViewModelType.swift */,
				C7B991322A9C844B00308552 /* ProductCellViewModelType.swift */,
			);
			path = Protocols;
			sourceTree = "<group>";
		};
/* End PBXGroup section */

/* Begin PBXNativeTarget section */
		C7B9064D2A98710700C8DDBB /* avito-test-task */ = {
			isa = PBXNativeTarget;
			buildConfigurationList = C7B906622A98710800C8DDBB /* Build configuration list for PBXNativeTarget "avito-test-task" */;
			buildPhases = (
				C7B9064A2A98710700C8DDBB /* Sources */,
				C7B9064B2A98710700C8DDBB /* Frameworks */,
				C7B9064C2A98710700C8DDBB /* Resources */,
			);
			buildRules = (
			);
			dependencies = (
			);
			name = "avito-test-task";
			productName = "avito-test-task";
			productReference = C7B9064E2A98710700C8DDBB /* avito-test-task.app */;
			productType = "com.apple.product-type.application";
		};
/* End PBXNativeTarget section */

/* Begin PBXProject section */
		C7B906462A98710700C8DDBB /* Project object */ = {
			isa = PBXProject;
			attributes = {
				BuildIndependentTargetsInParallel = 1;
				LastSwiftUpdateCheck = 1430;
				LastUpgradeCheck = 1430;
				TargetAttributes = {
					C7B9064D2A98710700C8DDBB = {
						CreatedOnToolsVersion = 14.3.1;
					};
				};
			};
			buildConfigurationList = C7B906492A98710700C8DDBB /* Build configuration list for PBXProject "avito-test-task" */;
			compatibilityVersion = "Xcode 14.0";
			developmentRegion = en;
			hasScannedForEncodings = 0;
			knownRegions = (
				en,
				Base,
			);
			mainGroup = C7B906452A98710700C8DDBB;
			productRefGroup = C7B9064F2A98710700C8DDBB /* Products */;
			projectDirPath = "";
			projectRoot = "";
			targets = (
				C7B9064D2A98710700C8DDBB /* avito-test-task */,
			);
		};
/* End PBXProject section */

/* Begin PBXResourcesBuildPhase section */
		C7B9064C2A98710700C8DDBB /* Resources */ = {
			isa = PBXResourcesBuildPhase;
			buildActionMask = 2147483647;
			files = (
				C7B9065E2A98710800C8DDBB /* LaunchScreen.storyboard in Resources */,
				C7B9065B2A98710800C8DDBB /* Assets.xcassets in Resources */,
				C7B906592A98710700C8DDBB /* Main.storyboard in Resources */,
			);
			runOnlyForDeploymentPostprocessing = 0;
		};
/* End PBXResourcesBuildPhase section */

/* Begin PBXSourcesBuildPhase section */
		C7B9064A2A98710700C8DDBB /* Sources */ = {
			isa = PBXSourcesBuildPhase;
			buildActionMask = 2147483647;
			files = (
				C7B991312A9C83C900308552 /* ProductViewModelType.swift in Sources */,
				C7B906672A987FFB00C8DDBB /* ProductListController.swift in Sources */,
				C7B9066A2A98805C00C8DDBB /* ProductCell.swift in Sources */,
				C77125752A9EF8D100D40866 /* DetailViewModelType.swift in Sources */,
				C791D2712A99C3E00084295C /* Product.swift in Sources */,
				C7A6412C2A9FCA9600074CBE /* LoadingView.swift in Sources */,
				C7B906522A98710700C8DDBB /* AppDelegate.swift in Sources */,
				C791D2752A9A148A0084295C /* CacheImage.swift in Sources */,
				C7792F9A2A9CC924006B73B0 /* GetDetailResponse.swift in Sources */,
				C7B991332A9C844B00308552 /* ProductCellViewModelType.swift in Sources */,
				C791D2732A99C78B0084295C /* ProductViewModel.swift in Sources */,
				C7792F9E2A9CCCFC006B73B0 /* DetailNetworkService.swift in Sources */,
				C791D26F2A99C3910084295C /* GetProductResponse.swift in Sources */,
				C7B906542A98710700C8DDBB /* SceneDelegate.swift in Sources */,
				C7792F972A9CC6F4006B73B0 /* Detail.swift in Sources */,
				C791D26D2A99C34C0084295C /* ProductNetworkService.swift in Sources */,
				C77125772A9EF8E300D40866 /* DetailControllerViewModelType.swift in Sources */,
				C7792F9C2A9CC9CD006B73B0 /* DetailViewModel.swift in Sources */,
				C77125792A9F069700D40866 /* LoadingImage.swift in Sources */,
				C791D26B2A99C2DA0084295C /* NetworkService.swift in Sources */,
				C75ECE522A9F7950009B4AA3 /* RetryView.swift in Sources */,
				C7B9912F2A9C6B0F00308552 /* ProductCellViewModel.swift in Sources */,
				C7AD9CCC2A9E375B00F8E10C /* DetailControllerViewModel.swift in Sources */,
				C7B991362A9CA45100308552 /* DetailController.swift in Sources */,
				C791D2692A99C2B40084295C /* NetworkError.swift in Sources */,
			);
			runOnlyForDeploymentPostprocessing = 0;
		};
/* End PBXSourcesBuildPhase section */

/* Begin PBXVariantGroup section */
		C7B906572A98710700C8DDBB /* Main.storyboard */ = {
			isa = PBXVariantGroup;
			children = (
				C7B906582A98710700C8DDBB /* Base */,
			);
			name = Main.storyboard;
			sourceTree = "<group>";
		};
		C7B9065C2A98710800C8DDBB /* LaunchScreen.storyboard */ = {
			isa = PBXVariantGroup;
			children = (
				C7B9065D2A98710800C8DDBB /* Base */,
			);
			name = LaunchScreen.storyboard;
			sourceTree = "<group>";
		};
/* End PBXVariantGroup section */

/* Begin XCBuildConfiguration section */
		C7B906602A98710800C8DDBB /* Debug */ = {
			isa = XCBuildConfiguration;
			buildSettings = {
				ALWAYS_SEARCH_USER_PATHS = NO;
				CLANG_ANALYZER_NONNULL = YES;
				CLANG_ANALYZER_NUMBER_OBJECT_CONVERSION = YES_AGGRESSIVE;
				CLANG_CXX_LANGUAGE_STANDARD = "gnu++20";
				CLANG_ENABLE_MODULES = YES;
				CLANG_ENABLE_OBJC_ARC = YES;
				CLANG_ENABLE_OBJC_WEAK = YES;
				CLANG_WARN_BLOCK_CAPTURE_AUTORELEASING = YES;
				CLANG_WARN_BOOL_CONVERSION = YES;
				CLANG_WARN_COMMA = YES;
				CLANG_WARN_CONSTANT_CONVERSION = YES;
				CLANG_WARN_DEPRECATED_OBJC_IMPLEMENTATIONS = YES;
				CLANG_WARN_DIRECT_OBJC_ISA_USAGE = YES_ERROR;
				CLANG_WARN_DOCUMENTATION_COMMENTS = YES;
				CLANG_WARN_EMPTY_BODY = YES;
				CLANG_WARN_ENUM_CONVERSION = YES;
				CLANG_WARN_INFINITE_RECURSION = YES;
				CLANG_WARN_INT_CONVERSION = YES;
				CLANG_WARN_NON_LITERAL_NULL_CONVERSION = YES;
				CLANG_WARN_OBJC_IMPLICIT_RETAIN_SELF = YES;
				CLANG_WARN_OBJC_LITERAL_CONVERSION = YES;
				CLANG_WARN_OBJC_ROOT_CLASS = YES_ERROR;
				CLANG_WARN_QUOTED_INCLUDE_IN_FRAMEWORK_HEADER = YES;
				CLANG_WARN_RANGE_LOOP_ANALYSIS = YES;
				CLANG_WARN_STRICT_PROTOTYPES = YES;
				CLANG_WARN_SUSPICIOUS_MOVE = YES;
				CLANG_WARN_UNGUARDED_AVAILABILITY = YES_AGGRESSIVE;
				CLANG_WARN_UNREACHABLE_CODE = YES;
				CLANG_WARN__DUPLICATE_METHOD_MATCH = YES;
				COPY_PHASE_STRIP = NO;
				DEBUG_INFORMATION_FORMAT = dwarf;
				ENABLE_STRICT_OBJC_MSGSEND = YES;
				ENABLE_TESTABILITY = YES;
				GCC_C_LANGUAGE_STANDARD = gnu11;
				GCC_DYNAMIC_NO_PIC = NO;
				GCC_NO_COMMON_BLOCKS = YES;
				GCC_OPTIMIZATION_LEVEL = 0;
				GCC_PREPROCESSOR_DEFINITIONS = (
					"DEBUG=1",
					"$(inherited)",
				);
				GCC_WARN_64_TO_32_BIT_CONVERSION = YES;
				GCC_WARN_ABOUT_RETURN_TYPE = YES_ERROR;
				GCC_WARN_UNDECLARED_SELECTOR = YES;
				GCC_WARN_UNINITIALIZED_AUTOS = YES_AGGRESSIVE;
				GCC_WARN_UNUSED_FUNCTION = YES;
				GCC_WARN_UNUSED_VARIABLE = YES;
				IPHONEOS_DEPLOYMENT_TARGET = 16.4;
				MTL_ENABLE_DEBUG_INFO = INCLUDE_SOURCE;
				MTL_FAST_MATH = YES;
				ONLY_ACTIVE_ARCH = YES;
				SDKROOT = iphoneos;
				SWIFT_ACTIVE_COMPILATION_CONDITIONS = DEBUG;
				SWIFT_OPTIMIZATION_LEVEL = "-Onone";
			};
			name = Debug;
		};
		C7B906612A98710800C8DDBB /* Release */ = {
			isa = XCBuildConfiguration;
			buildSettings = {
				ALWAYS_SEARCH_USER_PATHS = NO;
				CLANG_ANALYZER_NONNULL = YES;
				CLANG_ANALYZER_NUMBER_OBJECT_CONVERSION = YES_AGGRESSIVE;
				CLANG_CXX_LANGUAGE_STANDARD = "gnu++20";
				CLANG_ENABLE_MODULES = YES;
				CLANG_ENABLE_OBJC_ARC = YES;
				CLANG_ENABLE_OBJC_WEAK = YES;
				CLANG_WARN_BLOCK_CAPTURE_AUTORELEASING = YES;
				CLANG_WARN_BOOL_CONVERSION = YES;
				CLANG_WARN_COMMA = YES;
				CLANG_WARN_CONSTANT_CONVERSION = YES;
				CLANG_WARN_DEPRECATED_OBJC_IMPLEMENTATIONS = YES;
				CLANG_WARN_DIRECT_OBJC_ISA_USAGE = YES_ERROR;
				CLANG_WARN_DOCUMENTATION_COMMENTS = YES;
				CLANG_WARN_EMPTY_BODY = YES;
				CLANG_WARN_ENUM_CONVERSION = YES;
				CLANG_WARN_INFINITE_RECURSION = YES;
				CLANG_WARN_INT_CONVERSION = YES;
				CLANG_WARN_NON_LITERAL_NULL_CONVERSION = YES;
				CLANG_WARN_OBJC_IMPLICIT_RETAIN_SELF = YES;
				CLANG_WARN_OBJC_LITERAL_CONVERSION = YES;
				CLANG_WARN_OBJC_ROOT_CLASS = YES_ERROR;
				CLANG_WARN_QUOTED_INCLUDE_IN_FRAMEWORK_HEADER = YES;
				CLANG_WARN_RANGE_LOOP_ANALYSIS = YES;
				CLANG_WARN_STRICT_PROTOTYPES = YES;
				CLANG_WARN_SUSPICIOUS_MOVE = YES;
				CLANG_WARN_UNGUARDED_AVAILABILITY = YES_AGGRESSIVE;
				CLANG_WARN_UNREACHABLE_CODE = YES;
				CLANG_WARN__DUPLICATE_METHOD_MATCH = YES;
				COPY_PHASE_STRIP = NO;
				DEBUG_INFORMATION_FORMAT = "dwarf-with-dsym";
				ENABLE_NS_ASSERTIONS = NO;
				ENABLE_STRICT_OBJC_MSGSEND = YES;
				GCC_C_LANGUAGE_STANDARD = gnu11;
				GCC_NO_COMMON_BLOCKS = YES;
				GCC_WARN_64_TO_32_BIT_CONVERSION = YES;
				GCC_WARN_ABOUT_RETURN_TYPE = YES_ERROR;
				GCC_WARN_UNDECLARED_SELECTOR = YES;
				GCC_WARN_UNINITIALIZED_AUTOS = YES_AGGRESSIVE;
				GCC_WARN_UNUSED_FUNCTION = YES;
				GCC_WARN_UNUSED_VARIABLE = YES;
				IPHONEOS_DEPLOYMENT_TARGET = 16.4;
				MTL_ENABLE_DEBUG_INFO = NO;
				MTL_FAST_MATH = YES;
				SDKROOT = iphoneos;
				SWIFT_COMPILATION_MODE = wholemodule;
				SWIFT_OPTIMIZATION_LEVEL = "-O";
				VALIDATE_PRODUCT = YES;
			};
			name = Release;
		};
		C7B906632A98710800C8DDBB /* Debug */ = {
			isa = XCBuildConfiguration;
			buildSettings = {
				ASSETCATALOG_COMPILER_APPICON_NAME = AppIcon;
				ASSETCATALOG_COMPILER_GLOBAL_ACCENT_COLOR_NAME = AccentColor;
				CODE_SIGN_STYLE = Automatic;
				CURRENT_PROJECT_VERSION = 1;
				GENERATE_INFOPLIST_FILE = YES;
				INFOPLIST_FILE = "avito-test-task/Info.plist";
				INFOPLIST_KEY_UIApplicationSupportsIndirectInputEvents = YES;
				INFOPLIST_KEY_UILaunchStoryboardName = LaunchScreen;
				INFOPLIST_KEY_UIMainStoryboardFile = Main;
				INFOPLIST_KEY_UISupportedInterfaceOrientations_iPad = "UIInterfaceOrientationPortrait UIInterfaceOrientationPortraitUpsideDown UIInterfaceOrientationLandscapeLeft UIInterfaceOrientationLandscapeRight";
				INFOPLIST_KEY_UISupportedInterfaceOrientations_iPhone = "UIInterfaceOrientationPortrait UIInterfaceOrientationLandscapeLeft UIInterfaceOrientationLandscapeRight";
				LD_RUNPATH_SEARCH_PATHS = (
					"$(inherited)",
					"@executable_path/Frameworks",
				);
				MARKETING_VERSION = 1.0;
				PRODUCT_BUNDLE_IDENTIFIER = "ma.avito-test-task";
				PRODUCT_NAME = "$(TARGET_NAME)";
				SWIFT_EMIT_LOC_STRINGS = YES;
				SWIFT_VERSION = 5.0;
				TARGETED_DEVICE_FAMILY = "1,2";
			};
			name = Debug;
		};
		C7B906642A98710800C8DDBB /* Release */ = {
			isa = XCBuildConfiguration;
			buildSettings = {
				ASSETCATALOG_COMPILER_APPICON_NAME = AppIcon;
				ASSETCATALOG_COMPILER_GLOBAL_ACCENT_COLOR_NAME = AccentColor;
				CODE_SIGN_STYLE = Automatic;
				CURRENT_PROJECT_VERSION = 1;
				GENERATE_INFOPLIST_FILE = YES;
				INFOPLIST_FILE = "avito-test-task/Info.plist";
				INFOPLIST_KEY_UIApplicationSupportsIndirectInputEvents = YES;
				INFOPLIST_KEY_UILaunchStoryboardName = LaunchScreen;
				INFOPLIST_KEY_UIMainStoryboardFile = Main;
				INFOPLIST_KEY_UISupportedInterfaceOrientations_iPad = "UIInterfaceOrientationPortrait UIInterfaceOrientationPortraitUpsideDown UIInterfaceOrientationLandscapeLeft UIInterfaceOrientationLandscapeRight";
				INFOPLIST_KEY_UISupportedInterfaceOrientations_iPhone = "UIInterfaceOrientationPortrait UIInterfaceOrientationLandscapeLeft UIInterfaceOrientationLandscapeRight";
				LD_RUNPATH_SEARCH_PATHS = (
					"$(inherited)",
					"@executable_path/Frameworks",
				);
				MARKETING_VERSION = 1.0;
				PRODUCT_BUNDLE_IDENTIFIER = "ma.avito-test-task";
				PRODUCT_NAME = "$(TARGET_NAME)";
				SWIFT_EMIT_LOC_STRINGS = YES;
				SWIFT_VERSION = 5.0;
				TARGETED_DEVICE_FAMILY = "1,2";
			};
			name = Release;
		};
/* End XCBuildConfiguration section */

/* Begin XCConfigurationList section */
		C7B906492A98710700C8DDBB /* Build configuration list for PBXProject "avito-test-task" */ = {
			isa = XCConfigurationList;
			buildConfigurations = (
				C7B906602A98710800C8DDBB /* Debug */,
				C7B906612A98710800C8DDBB /* Release */,
			);
			defaultConfigurationIsVisible = 0;
			defaultConfigurationName = Release;
		};
		C7B906622A98710800C8DDBB /* Build configuration list for PBXNativeTarget "avito-test-task" */ = {
			isa = XCConfigurationList;
			buildConfigurations = (
				C7B906632A98710800C8DDBB /* Debug */,
				C7B906642A98710800C8DDBB /* Release */,
			);
			defaultConfigurationIsVisible = 0;
			defaultConfigurationName = Release;
		};
/* End XCConfigurationList section */
	};
	rootObject = C7B906462A98710700C8DDBB /* Project object */;
}
